// !$*UTF8*$!
{
	archiveVersion = 1;
	classes = {
	};
	objectVersion = 48;
	objects = {

/* Begin PBXBuildFile section */
		1833715B209580E9002B2546 /* AppDelegate.swift in Sources */ = {isa = PBXBuildFile; fileRef = 1833715A209580E9002B2546 /* AppDelegate.swift */; };
		1833715D209580E9002B2546 /* ViewController.swift in Sources */ = {isa = PBXBuildFile; fileRef = 1833715C209580E9002B2546 /* ViewController.swift */; };
		18337160209580E9002B2546 /* Main.storyboard in Resources */ = {isa = PBXBuildFile; fileRef = 1833715E209580E9002B2546 /* Main.storyboard */; };
		18337162209580E9002B2546 /* Assets.xcassets in Resources */ = {isa = PBXBuildFile; fileRef = 18337161209580E9002B2546 /* Assets.xcassets */; };
		18337165209580E9002B2546 /* LaunchScreen.storyboard in Resources */ = {isa = PBXBuildFile; fileRef = 18337163209580E9002B2546 /* LaunchScreen.storyboard */; };
		1833716D20958942002B2546 /* FRSnackBar.swift in Sources */ = {isa = PBXBuildFile; fileRef = 1833716C20958941002B2546 /* FRSnackBar.swift */; };
/* End PBXBuildFile section */

/* Begin PBXFileReference section */
		18337157209580E9002B2546 /* SnackBar.app */ = {isa = PBXFileReference; explicitFileType = wrapper.application; includeInIndex = 0; path = SnackBar.app; sourceTree = BUILT_PRODUCTS_DIR; };
		1833715A209580E9002B2546 /* AppDelegate.swift */ = {isa = PBXFileReference; lastKnownFileType = sourcecode.swift; path = AppDelegate.swift; sourceTree = "<group>"; };
		1833715C209580E9002B2546 /* ViewController.swift */ = {isa = PBXFileReference; lastKnownFileType = sourcecode.swift; path = ViewController.swift; sourceTree = "<group>"; };
		1833715F209580E9002B2546 /* Base */ = {isa = PBXFileReference; lastKnownFileType = file.storyboard; name = Base; path = Base.lproj/Main.storyboard; sourceTree = "<group>"; };
		18337161209580E9002B2546 /* Assets.xcassets */ = {isa = PBXFileReference; lastKnownFileType = folder.assetcatalog; path = Assets.xcassets; sourceTree = "<group>"; };
		18337164209580E9002B2546 /* Base */ = {isa = PBXFileReference; lastKnownFileType = file.storyboard; name = Base; path = Base.lproj/LaunchScreen.storyboard; sourceTree = "<group>"; };
		18337166209580E9002B2546 /* Info.plist */ = {isa = PBXFileReference; lastKnownFileType = text.plist.xml; path = Info.plist; sourceTree = "<group>"; };
		1833716C20958941002B2546 /* FRSnackBar.swift */ = {isa = PBXFileReference; lastKnownFileType = sourcecode.swift; path = FRSnackBar.swift; sourceTree = "<group>"; };
/* End PBXFileReference section */

/* Begin PBXFrameworksBuildPhase section */
		18337154209580E9002B2546 /* Frameworks */ = {
			isa = PBXFrameworksBuildPhase;
			buildActionMask = 2147483647;
			files = (
			);
			runOnlyForDeploymentPostprocessing = 0;
		};
/* End PBXFrameworksBuildPhase section */

/* Begin PBXGroup section */
		1833714E209580E8002B2546 = {
			isa = PBXGroup;
			children = (
				18337159209580E9002B2546 /* SnackBar */,
				18337158209580E9002B2546 /* Products */,
			);
			sourceTree = "<group>";
		};
		18337158209580E9002B2546 /* Products */ = {
			isa = PBXGroup;
			children = (
				18337157209580E9002B2546 /* SnackBar.app */,
			);
			name = Products;
			sourceTree = "<group>";
		};
		18337159209580E9002B2546 /* SnackBar */ = {
			isa = PBXGroup;
			children = (
				1833715A209580E9002B2546 /* AppDelegate.swift */,
				1833715C209580E9002B2546 /* ViewController.swift */,
				1833716C20958941002B2546 /* FRSnackBar.swift */,
				1833715E209580E9002B2546 /* Main.storyboard */,
				18337161209580E9002B2546 /* Assets.xcassets */,
				18337163209580E9002B2546 /* LaunchScreen.storyboard */,
				18337166209580E9002B2546 /* Info.plist */,
			);
			path = SnackBar;
			sourceTree = "<group>";
		};
/* End PBXGroup section */

/* Begin PBXNativeTarget section */
		18337156209580E9002B2546 /* SnackBar */ = {
			isa = PBXNativeTarget;
			buildConfigurationList = 18337169209580E9002B2546 /* Build configuration list for PBXNativeTarget "SnackBar" */;
			buildPhases = (
				18337153209580E9002B2546 /* Sources */,
				18337154209580E9002B2546 /* Frameworks */,
				18337155209580E9002B2546 /* Resources */,
			);
			buildRules = (
			);
			dependencies = (
			);
			name = SnackBar;
			productName = SnackBar;
			productReference = 18337157209580E9002B2546 /* SnackBar.app */;
			productType = "com.apple.product-type.application";
		};
/* End PBXNativeTarget section */

/* Begin PBXProject section */
		1833714F209580E8002B2546 /* Project object */ = {
			isa = PBXProject;
			attributes = {
				LastSwiftUpdateCheck = 0920;
				LastUpgradeCheck = 0920;
				ORGANIZATIONNAME = "Ashish Mankar";
				TargetAttributes = {
					18337156209580E9002B2546 = {
						CreatedOnToolsVersion = 9.2;
						ProvisioningStyle = Automatic;
					};
				};
			};
			buildConfigurationList = 18337152209580E8002B2546 /* Build configuration list for PBXProject "SnackBar" */;
			compatibilityVersion = "Xcode 8.0";
			developmentRegion = en;
			hasScannedForEncodings = 0;
			knownRegions = (
				en,
				Base,
			);
			mainGroup = 1833714E209580E8002B2546;
			productRefGroup = 18337158209580E9002B2546 /* Products */;
			projectDirPath = "";
			projectRoot = "";
			targets = (
				18337156209580E9002B2546 /* SnackBar */,
			);
		};
/* End PBXProject section */

/* Begin PBXResourcesBuildPhase section */
		18337155209580E9002B2546 /* Resources */ = {
			isa = PBXResourcesBuildPhase;
			buildActionMask = 2147483647;
			files = (
				18337165209580E9002B2546 /* LaunchScreen.storyboard in Resources */,
				18337162209580E9002B2546 /* Assets.xcassets in Resources */,
				18337160209580E9002B2546 /* Main.storyboard in Resources */,
			);
			runOnlyForDeploymentPostprocessing = 0;
		};
/* End PBXResourcesBuildPhase section */

/* Begin PBXSourcesBuildPhase section */
		18337153209580E9002B2546 /* Sources */ = {
			isa = PBXSourcesBuildPhase;
			buildActionMask = 2147483647;
			files = (
				1833716D20958942002B2546 /* FRSnackBar.swift in Sources */,
				1833715D209580E9002B2546 /* ViewController.swift in Sources */,
				1833715B209580E9002B2546 /* AppDelegate.swift in Sources */,
			);
			runOnlyForDeploymentPostprocessing = 0;
		};
/* End PBXSourcesBuildPhase section */

/* Begin PBXVariantGroup section */
		1833715E209580E9002B2546 /* Main.storyboard */ = {
			isa = PBXVariantGroup;
			children = (
				1833715F209580E9002B2546 /* Base */,
			);
			name = Main.storyboard;
			sourceTree = "<group>";
		};
		18337163209580E9002B2546 /* LaunchScreen.storyboard */ = {
			isa = PBXVariantGroup;
			children = (
				18337164209580E9002B2546 /* Base */,
			);
			name = LaunchScreen.storyboard;
			sourceTree = "<group>";
		};
/* End PBXVariantGroup section */

/* Begin XCBuildConfiguration section */
		18337167209580E9002B2546 /* Debug */ = {
			isa = XCBuildConfiguration;
			buildSettings = {
				ALWAYS_SEARCH_USER_PATHS = NO;
				CLANG_ANALYZER_NONNULL = YES;
				CLANG_ANALYZER_NUMBER_OBJECT_CONVERSION = YES_AGGRESSIVE;
				CLANG_CXX_LANGUAGE_STANDARD = "gnu++14";
				CLANG_CXX_LIBRARY = "libc++";
				CLANG_ENABLE_MODULES = YES;
				CLANG_ENABLE_OBJC_ARC = YES;
				CLANG_WARN_BLOCK_CAPTURE_AUTORELEASING = YES;
				CLANG_WARN_BOOL_CONVERSION = YES;
				CLANG_WARN_COMMA = YES;
				CLANG_WARN_CONSTANT_CONVERSION = YES;
				CLANG_WARN_DIRECT_OBJC_ISA_USAGE = YES_ERROR;
				CLANG_WARN_DOCUMENTATION_COMMENTS = YES;
				CLANG_WARN_EMPTY_BODY = YES;
				CLANG_WARN_ENUM_CONVERSION = YES;
				CLANG_WARN_INFINITE_RECURSION = YES;
				CLANG_WARN_INT_CONVERSION = YES;
				CLANG_WARN_NON_LITERAL_NULL_CONVERSION = YES;
				CLANG_WARN_OBJC_LITERAL_CONVERSION = YES;
				CLANG_WARN_OBJC_ROOT_CLASS = YES_ERROR;
				CLANG_WARN_RANGE_LOOP_ANALYSIS = YES;
				CLANG_WARN_STRICT_PROTOTYPES = YES;
				CLANG_WARN_SUSPICIOUS_MOVE = YES;
				CLANG_WARN_UNGUARDED_AVAILABILITY = YES_AGGRESSIVE;
				CLANG_WARN_UNREACHABLE_CODE = YES;
				CLANG_WARN__DUPLICATE_METHOD_MATCH = YES;
				CODE_SIGN_IDENTITY = "iPhone Developer";
				COPY_PHASE_STRIP = NO;
				DEBUG_INFORMATION_FORMAT = dwarf;
				ENABLE_STRICT_OBJC_MSGSEND = YES;
				ENABLE_TESTABILITY = YES;
				GCC_C_LANGUAGE_STANDARD = gnu11;
				GCC_DYNAMIC_NO_PIC = NO;
				GCC_NO_COMMON_BLOCKS = YES;
				GCC_OPTIMIZATION_LEVEL = 0;
				GCC_PREPROCESSOR_DEFINITIONS = (
					"DEBUG=1",
					"$(inherited)",
				);
				GCC_WARN_64_TO_32_BIT_CONVERSION = YES;
				GCC_WARN_ABOUT_RETURN_TYPE = YES_ERROR;
				GCC_WARN_UNDECLARED_SELECTOR = YES;
				GCC_WARN_UNINITIALIZED_AUTOS = YES_AGGRESSIVE;
				GCC_WARN_UNUSED_FUNCTION = YES;
				GCC_WARN_UNUSED_VARIABLE = YES;
				IPHONEOS_DEPLOYMENT_TARGET = 11.2;
				MTL_ENABLE_DEBUG_INFO = YES;
				ONLY_ACTIVE_ARCH = YES;
				SDKROOT = iphoneos;
				SWIFT_ACTIVE_COMPILATION_CONDITIONS = DEBUG;
				SWIFT_OPTIMIZATION_LEVEL = "-Onone";
			};
			name = Debug;
		};
		18337168209580E9002B2546 /* Release */ = {
			isa = XCBuildConfiguration;
			buildSettings = {
				ALWAYS_SEARCH_USER_PATHS = NO;
				CLANG_ANALYZER_NONNULL = YES;
				CLANG_ANALYZER_NUMBER_OBJECT_CONVERSION = YES_AGGRESSIVE;
				CLANG_CXX_LANGUAGE_STANDARD = "gnu++14";
				CLANG_CXX_LIBRARY = "libc++";
				CLANG_ENABLE_MODULES = YES;
				CLANG_ENABLE_OBJC_ARC = YES;
				CLANG_WARN_BLOCK_CAPTURE_AUTORELEASING = YES;
				CLANG_WARN_BOOL_CONVERSION = YES;
				CLANG_WARN_COMMA = YES;
				CLANG_WARN_CONSTANT_CONVERSION = YES;
				CLANG_WARN_DIRECT_OBJC_ISA_USAGE = YES_ERROR;
				CLANG_WARN_DOCUMENTATION_COMMENTS = YES;
				CLANG_WARN_EMPTY_BODY = YES;
				CLANG_WARN_ENUM_CONVERSION = YES;
				CLANG_WARN_INFINITE_RECURSION = YES;
				CLANG_WARN_INT_CONVERSION = YES;
				CLANG_WARN_NON_LITERAL_NULL_CONVERSION = YES;
				CLANG_WARN_OBJC_LITERAL_CONVERSION = YES;
				CLANG_WARN_OBJC_ROOT_CLASS = YES_ERROR;
				CLANG_WARN_RANGE_LOOP_ANALYSIS = YES;
				CLANG_WARN_STRICT_PROTOTYPES = YES;
				CLANG_WARN_SUSPICIOUS_MOVE = YES;
				CLANG_WARN_UNGUARDED_AVAILABILITY = YES_AGGRESSIVE;
				CLANG_WARN_UNREACHABLE_CODE = YES;
				CLANG_WARN__DUPLICATE_METHOD_MATCH = YES;
				CODE_SIGN_IDENTITY = "iPhone Developer";
				COPY_PHASE_STRIP = NO;
				DEBUG_INFORMATION_FORMAT = "dwarf-with-dsym";
				ENABLE_NS_ASSERTIONS = NO;
				ENABLE_STRICT_OBJC_MSGSEND = YES;
				GCC_C_LANGUAGE_STANDARD = gnu11;
				GCC_NO_COMMON_BLOCKS = YES;
				GCC_WARN_64_TO_32_BIT_CONVERSION = YES;
				GCC_WARN_ABOUT_RETURN_TYPE = YES_ERROR;
				GCC_WARN_UNDECLARED_SELECTOR = YES;
				GCC_WARN_UNINITIALIZED_AUTOS = YES_AGGRESSIVE;
				GCC_WARN_UNUSED_FUNCTION = YES;
				GCC_WARN_UNUSED_VARIABLE = YES;
				IPHONEOS_DEPLOYMENT_TARGET = 11.2;
				MTL_ENABLE_DEBUG_INFO = NO;
				SDKROOT = iphoneos;
				SWIFT_OPTIMIZATION_LEVEL = "-Owholemodule";
				VALIDATE_PRODUCT = YES;
			};
			name = Release;
		};
		1833716A209580E9002B2546 /* Debug */ = {
			isa = XCBuildConfiguration;
			buildSettings = {
				ASSETCATALOG_COMPILER_APPICON_NAME = AppIcon;
				CODE_SIGN_STYLE = Automatic;
				DEVELOPMENT_TEAM = FJP4EWE6ZG;
				INFOPLIST_FILE = SnackBar/Info.plist;
				LD_RUNPATH_SEARCH_PATHS = "$(inherited) @executable_path/Frameworks";
				PRODUCT_BUNDLE_IDENTIFIER = com.feartech.SnackBar;
				PRODUCT_NAME = "$(TARGET_NAME)";
				SWIFT_VERSION = 4.0;
				TARGETED_DEVICE_FAMILY = "1,2";
			};
			name = Debug;
		};
		1833716B209580E9002B2546 /* Release */ = {
			isa = XCBuildConfiguration;
			buildSettings = {
				ASSETCATALOG_COMPILER_APPICON_NAME = AppIcon;
				CODE_SIGN_STYLE = Automatic;
				DEVELOPMENT_TEAM = FJP4EWE6ZG;
				INFOPLIST_FILE = SnackBar/Info.plist;
				LD_RUNPATH_SEARCH_PATHS = "$(inherited) @executable_path/Frameworks";
				PRODUCT_BUNDLE_IDENTIFIER = com.feartech.SnackBar;
				PRODUCT_NAME = "$(TARGET_NAME)";
				SWIFT_VERSION = 4.0;
				TARGETED_DEVICE_FAMILY = "1,2";
			};
			name = Release;
		};
/* End XCBuildConfiguration section */

/* Begin XCConfigurationList section */
		18337152209580E8002B2546 /* Build configuration list for PBXProject "SnackBar" */ = {
			isa = XCConfigurationList;
			buildConfigurations = (
				18337167209580E9002B2546 /* Debug */,
				18337168209580E9002B2546 /* Release */,
			);
			defaultConfigurationIsVisible = 0;
			defaultConfigurationName = Release;
		};
		18337169209580E9002B2546 /* Build configuration list for PBXNativeTarget "SnackBar" */ = {
			isa = XCConfigurationList;
			buildConfigurations = (
				1833716A209580E9002B2546 /* Debug */,
				1833716B209580E9002B2546 /* Release */,
			);
			defaultConfigurationIsVisible = 0;
			defaultConfigurationName = Release;
		};
/* End XCConfigurationList section */
	};
	rootObject = 1833714F209580E8002B2546 /* Project object */;
}
